
Microsoft Visual Studio Solution File, Format Version 12.00
# Visual Studio Version 17
VisualStudioVersion = 17.7.34221.43
MinimumVisualStudioVersion = 10.0.40219.1
Project("{FAE04EC0-301F-11D3-BF4B-00C04F79EFBC}") = "Assessment", "Assessment\Assessment.csproj", "{47659614-EFB6-4957-8AC5-1C2A12AB5594}"
EndProject
Global
	GlobalSection(SolutionConfigurationPlatforms) = preSolution
		Debug|Any CPU = Debug|Any CPU
		Release|Any CPU = Release|Any CPU
	EndGlobalSection
	GlobalSection(ProjectConfigurationPlatforms) = postSolution
		{47659614-EFB6-4957-8AC5-1C2A12AB5594}.Debug|Any CPU.ActiveCfg = Debug|Any CPU
		{47659614-EFB6-4957-8AC5-1C2A12AB5594}.Debug|Any CPU.Build.0 = Debug|Any CPU
		{47659614-EFB6-4957-8AC5-1C2A12AB5594}.Release|Any CPU.ActiveCfg = Release|Any CPU
		{47659614-EFB6-4957-8AC5-1C2A12AB5594}.Release|Any CPU.Build.0 = Release|Any CPU
	EndGlobalSection
	GlobalSection(SolutionProperties) = preSolution
		HideSolutionNode = FALSE
	EndGlobalSection
	GlobalSection(ExtensibilityGlobals) = postSolution
		SolutionGuid = {E29E6F55-90AC-4082-B40D-8D86C3D352D5}
	EndGlobalSection
EndGlobal
